
Microsoft Visual Studio Solution File, Format Version 12.00
# Visual Studio 15
VisualStudioVersion = 15.0.28010.2050
MinimumVisualStudioVersion = 10.0.40219.1
Project("{FAE04EC0-301F-11D3-BF4B-00C04F79EFBC}") = "EuluBlueMarket", "EuluBlueMarket\EuluBlueMarket.csproj", "{9E811B98-6776-45F8-A8A6-B38746885CE7}"
EndProject
Global
	GlobalSection(SolutionConfigurationPlatforms) = preSolution
		Debug|Any CPU = Debug|Any CPU
		Release|Any CPU = Release|Any CPU
	EndGlobalSection
	GlobalSection(ProjectConfigurationPlatforms) = postSolution
		{9E811B98-6776-45F8-A8A6-B38746885CE7}.Debug|Any CPU.ActiveCfg = Debug|Any CPU
		{9E811B98-6776-45F8-A8A6-B38746885CE7}.Debug|Any CPU.Build.0 = Debug|Any CPU
		{9E811B98-6776-45F8-A8A6-B38746885CE7}.Release|Any CPU.ActiveCfg = Release|Any CPU
		{9E811B98-6776-45F8-A8A6-B38746885CE7}.Release|Any CPU.Build.0 = Release|Any CPU
	EndGlobalSection
	GlobalSection(SolutionProperties) = preSolution
		HideSolutionNode = FALSE
	EndGlobalSection
	GlobalSection(ExtensibilityGlobals) = postSolution
		SolutionGuid = {CD3B7B7A-957D-4E6D-81A5-31A6D0498782}
	EndGlobalSection
EndGlobal
